
Microsoft Visual Studio Solution File, Format Version 12.00
# Visual Studio Version 17
VisualStudioVersion = 17.10.35013.160
MinimumVisualStudioVersion = 10.0.40219.1
Project("{FAE04EC0-301F-11D3-BF4B-00C04F79EFBC}") = "Hotel5Stars", "Hotel5Stars\Hotel5Stars.csproj", "{D56B9C78-6315-492B-949B-BB42CDB9E461}"
EndProject
Global
	GlobalSection(SolutionConfigurationPlatforms) = preSolution
		Debug|Any CPU = Debug|Any CPU
		Release|Any CPU = Release|Any CPU
	EndGlobalSection
	GlobalSection(ProjectConfigurationPlatforms) = postSolution
		{D56B9C78-6315-492B-949B-BB42CDB9E461}.Debug|Any CPU.ActiveCfg = Debug|Any CPU
		{D56B9C78-6315-492B-949B-BB42CDB9E461}.Debug|Any CPU.Build.0 = Debug|Any CPU
		{D56B9C78-6315-492B-949B-BB42CDB9E461}.Release|Any CPU.ActiveCfg = Release|Any CPU
		{D56B9C78-6315-492B-949B-BB42CDB9E461}.Release|Any CPU.Build.0 = Release|Any CPU
	EndGlobalSection
	GlobalSection(SolutionProperties) = preSolution
		HideSolutionNode = FALSE
	EndGlobalSection
	GlobalSection(ExtensibilityGlobals) = postSolution
		SolutionGuid = {BBDE918C-64C2-46C5-BE01-66406927392D}
	EndGlobalSection
EndGlobal
